
Microsoft Visual Studio Solution File, Format Version 12.00
Project("{FAE04EC0-301F-11D3-BF4B-00C04F79EFBC}") = "Uchu.Core", "Uchu.Core\Uchu.Core.csproj", "{1F64F832-AC8D-4C83-B379-F01DE70129A6}"
EndProject
Project("{FAE04EC0-301F-11D3-BF4B-00C04F79EFBC}") = "Uchu.Auth", "Uchu.Auth\Uchu.Auth.csproj", "{4FF85969-17A4-409C-A6AB-FC55D5C1A783}"
EndProject
Project("{FAE04EC0-301F-11D3-BF4B-00C04F79EFBC}") = "Uchu.Char", "Uchu.Char\Uchu.Char.csproj", "{9C19F3E8-D179-4476-826D-7EA029A7C048}"
EndProject
Project("{FAE04EC0-301F-11D3-BF4B-00C04F79EFBC}") = "Uchu.World", "Uchu.World\Uchu.World.csproj", "{E8EA652B-4C25-4CA7-A211-A6E2D6D88897}"
EndProject
Project("{FAE04EC0-301F-11D3-BF4B-00C04F79EFBC}") = "RakDotNet", "RakDotNet\RakDotNet\RakDotNet.csproj", "{462E6F13-F218-4AE1-9FDF-1716AB63B04F}"
EndProject
Project("{FAE04EC0-301F-11D3-BF4B-00C04F79EFBC}") = "RakDotNet.IO", "RakDotNet\RakDotNet.IO\RakDotNet.IO\RakDotNet.IO.csproj", "{90AEC059-0EB3-48E9-A80B-ACDC042917EE}"
EndProject
Global
	GlobalSection(SolutionConfigurationPlatforms) = preSolution
		Debug|Any CPU = Debug|Any CPU
		Release|Any CPU = Release|Any CPU
	EndGlobalSection
	GlobalSection(ProjectConfigurationPlatforms) = postSolution
		{1F64F832-AC8D-4C83-B379-F01DE70129A6}.Debug|Any CPU.ActiveCfg = Debug|Any CPU
		{1F64F832-AC8D-4C83-B379-F01DE70129A6}.Debug|Any CPU.Build.0 = Debug|Any CPU
		{1F64F832-AC8D-4C83-B379-F01DE70129A6}.Release|Any CPU.ActiveCfg = Release|Any CPU
		{1F64F832-AC8D-4C83-B379-F01DE70129A6}.Release|Any CPU.Build.0 = Release|Any CPU
		{4FF85969-17A4-409C-A6AB-FC55D5C1A783}.Debug|Any CPU.ActiveCfg = Debug|Any CPU
		{4FF85969-17A4-409C-A6AB-FC55D5C1A783}.Debug|Any CPU.Build.0 = Debug|Any CPU
		{4FF85969-17A4-409C-A6AB-FC55D5C1A783}.Release|Any CPU.ActiveCfg = Release|Any CPU
		{4FF85969-17A4-409C-A6AB-FC55D5C1A783}.Release|Any CPU.Build.0 = Release|Any CPU
		{9C19F3E8-D179-4476-826D-7EA029A7C048}.Debug|Any CPU.ActiveCfg = Debug|Any CPU
		{9C19F3E8-D179-4476-826D-7EA029A7C048}.Debug|Any CPU.Build.0 = Debug|Any CPU
		{9C19F3E8-D179-4476-826D-7EA029A7C048}.Release|Any CPU.ActiveCfg = Release|Any CPU
		{9C19F3E8-D179-4476-826D-7EA029A7C048}.Release|Any CPU.Build.0 = Release|Any CPU
		{E8EA652B-4C25-4CA7-A211-A6E2D6D88897}.Debug|Any CPU.ActiveCfg = Debug|Any CPU
		{E8EA652B-4C25-4CA7-A211-A6E2D6D88897}.Debug|Any CPU.Build.0 = Debug|Any CPU
		{E8EA652B-4C25-4CA7-A211-A6E2D6D88897}.Release|Any CPU.ActiveCfg = Release|Any CPU
		{E8EA652B-4C25-4CA7-A211-A6E2D6D88897}.Release|Any CPU.Build.0 = Release|Any CPU
		{462E6F13-F218-4AE1-9FDF-1716AB63B04F}.Debug|Any CPU.ActiveCfg = Debug|Any CPU
		{462E6F13-F218-4AE1-9FDF-1716AB63B04F}.Debug|Any CPU.Build.0 = Debug|Any CPU
		{462E6F13-F218-4AE1-9FDF-1716AB63B04F}.Release|Any CPU.ActiveCfg = Release|Any CPU
		{462E6F13-F218-4AE1-9FDF-1716AB63B04F}.Release|Any CPU.Build.0 = Release|Any CPU
		{90AEC059-0EB3-48E9-A80B-ACDC042917EE}.Debug|Any CPU.ActiveCfg = Debug|Any CPU
		{90AEC059-0EB3-48E9-A80B-ACDC042917EE}.Debug|Any CPU.Build.0 = Debug|Any CPU
		{90AEC059-0EB3-48E9-A80B-ACDC042917EE}.Release|Any CPU.ActiveCfg = Release|Any CPU
		{90AEC059-0EB3-48E9-A80B-ACDC042917EE}.Release|Any CPU.Build.0 = Release|Any CPU
	EndGlobalSection
EndGlobal
